
Microsoft Visual Studio Solution File, Format Version 12.00
# Visual Studio Version 17
VisualStudioVersion = 17.8.34219.65
MinimumVisualStudioVersion = 10.0.40219.1
Project("{FAE04EC0-301F-11D3-BF4B-00C04F79EFBC}") = "CountThisWordConsole", "CountThisWordConsole\CountThisWordConsole.csproj", "{98C9D7B6-1826-4639-B5D5-BCAB85B134DB}"
EndProject
Project("{2150E333-8FDC-42A3-9474-1A3956D46DE8}") = "Solution Items", "Solution Items", "{C0D8D543-0CC4-486F-83DC-9DA661F021F1}"
	ProjectSection(SolutionItems) = preProject
		test-file-empty.txt = test-file-empty.txt
		test-file-love.txt = test-file-love.txt
		test-file-no-match.txt = test-file-no-match.txt
	EndProjectSection
EndProject
Global
	GlobalSection(SolutionConfigurationPlatforms) = preSolution
		Debug|Any CPU = Debug|Any CPU
		Release|Any CPU = Release|Any CPU
	EndGlobalSection
	GlobalSection(ProjectConfigurationPlatforms) = postSolution
		{98C9D7B6-1826-4639-B5D5-BCAB85B134DB}.Debug|Any CPU.ActiveCfg = Debug|Any CPU
		{98C9D7B6-1826-4639-B5D5-BCAB85B134DB}.Debug|Any CPU.Build.0 = Debug|Any CPU
		{98C9D7B6-1826-4639-B5D5-BCAB85B134DB}.Release|Any CPU.ActiveCfg = Release|Any CPU
		{98C9D7B6-1826-4639-B5D5-BCAB85B134DB}.Release|Any CPU.Build.0 = Release|Any CPU
	EndGlobalSection
	GlobalSection(SolutionProperties) = preSolution
		HideSolutionNode = FALSE
	EndGlobalSection
	GlobalSection(ExtensibilityGlobals) = postSolution
		SolutionGuid = {59198AB0-DC2E-4E5B-8ADC-B2771163E001}
	EndGlobalSection
EndGlobal
